<?xml version="1.0" encoding="utf-8"?>
<Project ToolsVersion="4.0" xmlns="http://schemas.microsoft.com/developer/msbuild/2003">
  <ItemGroup>
    <Filter Include="Source Files">
      <UniqueIdentifier>{4FC737F1-C7A5-4376-A066-2A32D752A2FF}</UniqueIdentifier>
      <Extensions>cpp;c;cc;cxx;c++;cppm;ixx;def;odl;idl;hpj;bat;asm;asmx</Extensions>
    </Filter>
    <Filter Include="Header Files">
      <UniqueIdentifier>{93995380-89BD-4b04-88EB-625FBE52EBFB}</UniqueIdentifier>
      <Extensions>h;hh;hpp;hxx;h++;hm;inl;inc;ipp;xsd</Extensions>
    </Filter>
    <Filter Include="Resource Files">
      <UniqueIdentifier>{67DA6AB6-F800-4c08-8B7A-83BB121AAD01}</UniqueIdentifier>
      <Extensions>rc;ico;cur;bmp;dlg;rc2;rct;bin;rgs;gif;jpg;jpeg;jpe;resx;tiff;tif;png;wav;mfcribbon-ms</Extensions>
    </Filter>
    <Filter Include="Source Files\imageControl">
      <UniqueIdentifier>{cd501559-2232-45d5-92f1-d92e5cffd26e}</UniqueIdentifier>
    </Filter>
    <Filter Include="Source Files\featureDetection">
      <UniqueIdentifier>{ddbf235d-387f-4152-b5a0-5757138406b3}</UniqueIdentifier>
    </Filter>
    <Filter Include="Source Files\common">
      <UniqueIdentifier>{c948a3a3-045d-4e13-bfa2-794dd4623522}</UniqueIdentifier>
    </Filter>
    <Filter Include="Header Files\imageControl">
      <UniqueIdentifier>{96c7d1fd-d096-4253-b226-9ca016a318e3}</UniqueIdentifier>
    </Filter>
    <Filter Include="Source Files\featureDescriptor">
      <UniqueIdentifier>{955b3178-d350-401d-a634-85a979076b44}</UniqueIdentifier>
    </Filter>
    <Filter Include="Source Files\imageSttiching">
      <UniqueIdentifier>{72b00304-faff-4ec7-902c-f8c339033d6d}</UniqueIdentifier>
    </Filter>
    <Filter Include="Header Files\featureDetectionHeader">
      <UniqueIdentifier>{e830e27b-66bf-44cd-87b5-37f00aced614}</UniqueIdentifier>
    </Filter>
    <Filter Include="Header Files\featureDescriptorHeader">
      <UniqueIdentifier>{736af541-0675-48b5-9dbb-9d3e962f070f}</UniqueIdentifier>
    </Filter>
    <Filter Include="Header Files\imageStitchingHeader">
      <UniqueIdentifier>{5f80c72a-0766-4e50-a4ca-7326d544395f}</UniqueIdentifier>
    </Filter>
    <Filter Include="Header Files\featureMatchingHeader">
      <UniqueIdentifier>{ab8b12b1-ba38-442b-9c0a-0885d391c1d8}</UniqueIdentifier>
    </Filter>
    <Filter Include="Source Files\featureMatching">
      <UniqueIdentifier>{ffa5cfb9-d7ce-4c91-a054-c9e8a5a226e8}</UniqueIdentifier>
    </Filter>
    <Filter Include="Resource Files\images">
      <UniqueIdentifier>{78f0bbc0-73d7-4135-a8a7-c97013423d58}</UniqueIdentifier>
    </Filter>
    <Filter Include="Resource Files\images\office">
      <UniqueIdentifier>{281100b2-73de-412b-9948-6f1ec3e176c2}</UniqueIdentifier>
    </Filter>
    <Filter Include="Resource Files\images\facade">
      <UniqueIdentifier>{91b6ab71-457e-4fd7-8c25-235cef246c6c}</UniqueIdentifier>
    </Filter>
    <Filter Include="Header Files\evaluation">
      <UniqueIdentifier>{ed878f89-a8b4-4c0f-acbd-8a76dc376889}</UniqueIdentifier>
    </Filter>
    <Filter Include="Source Files\evaluation">
      <UniqueIdentifier>{ae03fa9d-6a1f-4bfc-a966-73be4e9beb82}</UniqueIdentifier>
    </Filter>
  </ItemGroup>
  <ItemGroup>
    <ClCompile Include="main.cpp">
      <Filter>Source Files</Filter>
    </ClCompile>
    <ClCompile Include="stdafx.cpp">
      <Filter>Source Files</Filter>
    </ClCompile>
    <ClCompile Include="imageOp.cpp">
      <Filter>Source Files\imageControl</Filter>
    </ClCompile>
    <ClCompile Include="imgShow.cpp">
      <Filter>Source Files\imageControl</Filter>
    </ClCompile>
    <ClCompile Include="harris_FeatureDetection.cpp">
      <Filter>Source Files\featureDetection</Filter>
    </ClCompile>
    <ClCompile Include="shi_tomasi_FeatureDetection.cpp">
      <Filter>Source Files\featureDetection</Filter>
    </ClCompile>
    <ClCompile Include="shift_FeatureDetection.cpp">
      <Filter>Source Files\featureDetection</Filter>
    </ClCompile>
    <ClCompile Include="orb_FeatureDetection.cpp">
      <Filter>Source Files\featureDetection</Filter>
    </ClCompile>
    <ClCompile Include="fast_FeatureDetection.cpp">
      <Filter>Source Files\featureDetection</Filter>
    </ClCompile>
    <ClCompile Include="log_gabor_FeatureDetection.cpp">
      <Filter>Source Files\featureDetection</Filter>
    </ClCompile>
    <ClCompile Include="common.cpp">
      <Filter>Source Files\common</Filter>
    </ClCompile>
    <ClCompile Include="sift_FeatureDescriptor.cpp">
      <Filter>Source Files\featureDescriptor</Filter>
    </ClCompile>
    <ClCompile Include="brief_FeatureDescriptor.cpp">
      <Filter>Source Files\featureDescriptor</Filter>
    </ClCompile>
    <ClCompile Include="freak_FeatureDescriptor.cpp">
      <Filter>Source Files\featureDescriptor</Filter>
    </ClCompile>
    <ClCompile Include="orb_FeatureDescriptor.cpp">
      <Filter>Source Files\featureDescriptor</Filter>
    </ClCompile>
    <ClCompile Include="bfm_FeatureMatching.cpp">
      <Filter>Source Files\featureMatching</Filter>
    </ClCompile>
    <ClCompile Include="flann_FeatureMatching.cpp">
      <Filter>Source Files\featureMatching</Filter>
    </ClCompile>
    <ClCompile Include="ransac_ImageStitching.cpp">
      <Filter>Source Files\imageSttiching</Filter>
    </ClCompile>
    <ClCompile Include="warpPerspective&amp;Blending_ImageStitching.cpp">
      <Filter>Source Files\imageSttiching</Filter>
    </ClCompile>
    <ClCompile Include="evaluation.cpp">
      <Filter>Source Files\evaluation</Filter>
    </ClCompile>
  </ItemGroup>
  <ItemGroup>
    <ClInclude Include="stdafx.h">
      <Filter>Header Files</Filter>
    </ClInclude>
    <ClInclude Include="common.h">
      <Filter>Source Files\common</Filter>
    </ClInclude>
    <ClInclude Include="fast_FeatureDetection.h">
      <Filter>Header Files\featureDetectionHeader</Filter>
    </ClInclude>
    <ClInclude Include="featureDetection.h">
      <Filter>Header Files\featureDetectionHeader</Filter>
    </ClInclude>
    <ClInclude Include="harris_FeatureDetection.h">
      <Filter>Header Files\featureDetectionHeader</Filter>
    </ClInclude>
    <ClInclude Include="log_gabor_FeatureDetection.h">
      <Filter>Header Files\featureDetectionHeader</Filter>
    </ClInclude>
    <ClInclude Include="shi_tomasi_FeatureDetection.h">
      <Filter>Header Files\featureDetectionHeader</Filter>
    </ClInclude>
    <ClInclude Include="sift_FeatureDetection.h">
      <Filter>Header Files\featureDetectionHeader</Filter>
    </ClInclude>
    <ClInclude Include="orb_FeatureDetection.h">
      <Filter>Header Files\featureDetectionHeader</Filter>
    </ClInclude>
    <ClInclude Include="imageControl.h">
      <Filter>Header Files\imageControl</Filter>
    </ClInclude>
    <ClInclude Include="imageOp.h">
      <Filter>Header Files\imageControl</Filter>
    </ClInclude>
    <ClInclude Include="imgShow.h">
      <Filter>Header Files\imageControl</Filter>
    </ClInclude>
    <ClInclude Include="bfm_FeatureMatching.h">
      <Filter>Header Files\featureMatchingHeader</Filter>
    </ClInclude>
    <ClInclude Include="flann_FeatureMatching.h">
      <Filter>Header Files\featureMatchingHeader</Filter>
    </ClInclude>
    <ClInclude Include="featureMatching.h">
      <Filter>Header Files\featureMatchingHeader</Filter>
    </ClInclude>
    <ClInclude Include="brief_FeatureDescriptor.h">
      <Filter>Header Files\featureDescriptorHeader</Filter>
    </ClInclude>
    <ClInclude Include="freak_FeatureDescriptor.h">
      <Filter>Header Files\featureDescriptorHeader</Filter>
    </ClInclude>
    <ClInclude Include="orb_FeatureDescriptor.h">
      <Filter>Header Files\featureDescriptorHeader</Filter>
    </ClInclude>
    <ClInclude Include="sift_FeatureDescriptor.h">
      <Filter>Header Files\featureDescriptorHeader</Filter>
    </ClInclude>
    <ClInclude Include="featureDescriptor.h">
      <Filter>Header Files\featureDescriptorHeader</Filter>
    </ClInclude>
    <ClInclude Include="ImageStitching.h">
      <Filter>Header Files\imageStitchingHeader</Filter>
    </ClInclude>
    <ClInclude Include="ransac_ImageStitching.h">
      <Filter>Header Files\imageStitchingHeader</Filter>
    </ClInclude>
    <ClInclude Include="warpPerspective&amp;Blending_ImageStitching.h">
      <Filter>Header Files\imageStitchingHeader</Filter>
    </ClInclude>
    <ClInclude Include="evaluation.h">
      <Filter>Header Files\evaluation</Filter>
    </ClInclude>
  </ItemGroup>
  <ItemGroup>
    <Image Include="..\Materiale\office\DSC_0220.JPG">
      <Filter>Resource Files\images\office</Filter>
    </Image>
    <Image Include="..\Materiale\office\DSC_0219.JPG">
      <Filter>Resource Files\images\office</Filter>
    </Image>
    <Image Include="..\Materiale\facade\DSC_0362.JPG">
      <Filter>Resource Files\images\facade</Filter>
    </Image>
    <Image Include="..\Materiale\facade\DSC_0363.JPG">
      <Filter>Resource Files\images\facade</Filter>
    </Image>
    <Image Include="..\Materiale\office\office_blended.jpg">
      <Filter>Resource Files\images\office</Filter>
    </Image>
    <Image Include="..\Materiale\facade\facade_blended.jpg">
      <Filter>Resource Files\images\facade</Filter>
    </Image>
  </ItemGroup>
</Project>